
Microsoft Visual Studio Solution File, Format Version 12.00
# Visual Studio Version 16
VisualStudioVersion = 16.0.29709.97
MinimumVisualStudioVersion = 10.0.40219.1
Project("{9A19103F-16F7-4668-BE54-9A1E7A4F7556}") = "DinoCMS", "DinoCMS\DinoCMS.csproj", "{74A9EF7A-FF22-472A-A085-B63B97A37B45}"
EndProject
Project("{FAE04EC0-301F-11D3-BF4B-00C04F79EFBC}") = "UnitTests", "UnitTests\UnitTests.csproj", "{2517AE6C-E203-46EB-9841-6B0A4F81DCC4}"
EndProject
Global
	GlobalSection(SolutionConfigurationPlatforms) = preSolution
		Debug|Any CPU = Debug|Any CPU
		Release|Any CPU = Release|Any CPU
	EndGlobalSection
	GlobalSection(ProjectConfigurationPlatforms) = postSolution
		{74A9EF7A-FF22-472A-A085-B63B97A37B45}.Debug|Any CPU.ActiveCfg = Debug|Any CPU
		{74A9EF7A-FF22-472A-A085-B63B97A37B45}.Debug|Any CPU.Build.0 = Debug|Any CPU
		{74A9EF7A-FF22-472A-A085-B63B97A37B45}.Release|Any CPU.ActiveCfg = Release|Any CPU
		{74A9EF7A-FF22-472A-A085-B63B97A37B45}.Release|Any CPU.Build.0 = Release|Any CPU
		{2517AE6C-E203-46EB-9841-6B0A4F81DCC4}.Debug|Any CPU.ActiveCfg = Debug|Any CPU
		{2517AE6C-E203-46EB-9841-6B0A4F81DCC4}.Debug|Any CPU.Build.0 = Debug|Any CPU
		{2517AE6C-E203-46EB-9841-6B0A4F81DCC4}.Release|Any CPU.ActiveCfg = Release|Any CPU
		{2517AE6C-E203-46EB-9841-6B0A4F81DCC4}.Release|Any CPU.Build.0 = Release|Any CPU
	EndGlobalSection
	GlobalSection(SolutionProperties) = preSolution
		HideSolutionNode = FALSE
	EndGlobalSection
	GlobalSection(ExtensibilityGlobals) = postSolution
		SolutionGuid = {FFA7194E-CC91-4867-94B6-1D30E58C75F6}
	EndGlobalSection
EndGlobal
